
Microsoft Visual Studio Solution File, Format Version 12.00
# Visual Studio 14
VisualStudioVersion = 14.0.25420.1
MinimumVisualStudioVersion = 10.0.40219.1
Project("{FAE04EC0-301F-11D3-BF4B-00C04F79EFBC}") = "apiNaturguiden", "apiNaturguiden\apiNaturguiden.csproj", "{6AAEECF1-B046-4648-AF5A-ADBEA63AE0D9}"
EndProject
Project("{FAE04EC0-301F-11D3-BF4B-00C04F79EFBC}") = "libraryNaturguiden", "..\libraryNaturguiden\libraryNaturguiden.csproj", "{2D2ABAFA-54E9-4061-9A58-C25DF2A8D842}"
EndProject
Project("{FAE04EC0-301F-11D3-BF4B-00C04F79EFBC}") = "adminNaturguiden", "..\adminNaturguiden\adminNaturguiden.csproj", "{48A8F090-A0C2-469A-A6BA-318C28AE97D1}"
EndProject
Global
	GlobalSection(SolutionConfigurationPlatforms) = preSolution
		Debug|Any CPU = Debug|Any CPU
		Release|Any CPU = Release|Any CPU
	EndGlobalSection
	GlobalSection(ProjectConfigurationPlatforms) = postSolution
		{6AAEECF1-B046-4648-AF5A-ADBEA63AE0D9}.Debug|Any CPU.ActiveCfg = Debug|Any CPU
		{6AAEECF1-B046-4648-AF5A-ADBEA63AE0D9}.Debug|Any CPU.Build.0 = Debug|Any CPU
		{6AAEECF1-B046-4648-AF5A-ADBEA63AE0D9}.Release|Any CPU.ActiveCfg = Release|Any CPU
		{6AAEECF1-B046-4648-AF5A-ADBEA63AE0D9}.Release|Any CPU.Build.0 = Release|Any CPU
		{2D2ABAFA-54E9-4061-9A58-C25DF2A8D842}.Debug|Any CPU.ActiveCfg = Debug|Any CPU
		{2D2ABAFA-54E9-4061-9A58-C25DF2A8D842}.Debug|Any CPU.Build.0 = Debug|Any CPU
		{2D2ABAFA-54E9-4061-9A58-C25DF2A8D842}.Release|Any CPU.ActiveCfg = Release|Any CPU
		{2D2ABAFA-54E9-4061-9A58-C25DF2A8D842}.Release|Any CPU.Build.0 = Release|Any CPU
		{48A8F090-A0C2-469A-A6BA-318C28AE97D1}.Debug|Any CPU.ActiveCfg = Debug|Any CPU
		{48A8F090-A0C2-469A-A6BA-318C28AE97D1}.Debug|Any CPU.Build.0 = Debug|Any CPU
		{48A8F090-A0C2-469A-A6BA-318C28AE97D1}.Release|Any CPU.ActiveCfg = Release|Any CPU
		{48A8F090-A0C2-469A-A6BA-318C28AE97D1}.Release|Any CPU.Build.0 = Release|Any CPU
	EndGlobalSection
	GlobalSection(SolutionProperties) = preSolution
		HideSolutionNode = FALSE
	EndGlobalSection
EndGlobal
